
Microsoft Visual Studio Solution File, Format Version 12.00
# Visual Studio Version 16
VisualStudioVersion = 16.0.33214.272
MinimumVisualStudioVersion = 10.0.40219.1
Project("{FAE04EC0-301F-11D3-BF4B-00C04F79EFBC}") = "aula05MaquinaDeProdutos", "aula05MaquinaDeProdutos\aula05MaquinaDeProdutos.csproj", "{DA0C2083-35DC-4B84-A517-4814453C078F}"
EndProject
Global
	GlobalSection(SolutionConfigurationPlatforms) = preSolution
		Debug|Any CPU = Debug|Any CPU
		Release|Any CPU = Release|Any CPU
	EndGlobalSection
	GlobalSection(ProjectConfigurationPlatforms) = postSolution
		{DA0C2083-35DC-4B84-A517-4814453C078F}.Debug|Any CPU.ActiveCfg = Debug|Any CPU
		{DA0C2083-35DC-4B84-A517-4814453C078F}.Debug|Any CPU.Build.0 = Debug|Any CPU
		{DA0C2083-35DC-4B84-A517-4814453C078F}.Release|Any CPU.ActiveCfg = Release|Any CPU
		{DA0C2083-35DC-4B84-A517-4814453C078F}.Release|Any CPU.Build.0 = Release|Any CPU
	EndGlobalSection
	GlobalSection(SolutionProperties) = preSolution
		HideSolutionNode = FALSE
	EndGlobalSection
	GlobalSection(ExtensibilityGlobals) = postSolution
		SolutionGuid = {8E5EA861-7EE0-41C8-BFCD-3ACF74DCB94C}
	EndGlobalSection
EndGlobal
